
Microsoft Visual Studio Solution File, Format Version 12.00
# Visual Studio Version 17
VisualStudioVersion = 17.7.34018.315
MinimumVisualStudioVersion = 10.0.40219.1
Project("{FAE04EC0-301F-11D3-BF4B-00C04F79EFBC}") = "TreeDataStructure", "TreeDataStructure\TreeDataStructure.csproj", "{A026CEB9-BC13-4049-9E55-507B7E550A5C}"
EndProject
Global
	GlobalSection(SolutionConfigurationPlatforms) = preSolution
		Debug|Any CPU = Debug|Any CPU
		Release|Any CPU = Release|Any CPU
	EndGlobalSection
	GlobalSection(ProjectConfigurationPlatforms) = postSolution
		{A026CEB9-BC13-4049-9E55-507B7E550A5C}.Debug|Any CPU.ActiveCfg = Debug|Any CPU
		{A026CEB9-BC13-4049-9E55-507B7E550A5C}.Debug|Any CPU.Build.0 = Debug|Any CPU
		{A026CEB9-BC13-4049-9E55-507B7E550A5C}.Release|Any CPU.ActiveCfg = Release|Any CPU
		{A026CEB9-BC13-4049-9E55-507B7E550A5C}.Release|Any CPU.Build.0 = Release|Any CPU
	EndGlobalSection
	GlobalSection(SolutionProperties) = preSolution
		HideSolutionNode = FALSE
	EndGlobalSection
	GlobalSection(ExtensibilityGlobals) = postSolution
		SolutionGuid = {69EC66EC-BAB8-4693-8D45-E90D11B5B660}
	EndGlobalSection
EndGlobal
